
Microsoft Visual Studio Solution File, Format Version 12.00
# Visual Studio Version 17
VisualStudioVersion = 17.5.33516.290
MinimumVisualStudioVersion = 10.0.40219.1
Project("{FAE04EC0-301F-11D3-BF4B-00C04F79EFBC}") = "PageReportToPdf", "PageReportToPdf\PageReportToPdf.csproj", "{EFC6D38A-B480-4DAD-A28B-F3AB5EBBD5BC}"
EndProject
Project("{FAE04EC0-301F-11D3-BF4B-00C04F79EFBC}") = "SectionReportToPdf", "SectionReportToPdf\SectionReportToPdf.csproj", "{E5510D7D-C943-4C19-9456-BC3CD858E617}"
EndProject
Global
	GlobalSection(SolutionConfigurationPlatforms) = preSolution
		Debug|Any CPU = Debug|Any CPU
		Release|Any CPU = Release|Any CPU
	EndGlobalSection
	GlobalSection(ProjectConfigurationPlatforms) = postSolution
		{EFC6D38A-B480-4DAD-A28B-F3AB5EBBD5BC}.Debug|Any CPU.ActiveCfg = Debug|Any CPU
		{EFC6D38A-B480-4DAD-A28B-F3AB5EBBD5BC}.Debug|Any CPU.Build.0 = Debug|Any CPU
		{EFC6D38A-B480-4DAD-A28B-F3AB5EBBD5BC}.Release|Any CPU.ActiveCfg = Release|Any CPU
		{EFC6D38A-B480-4DAD-A28B-F3AB5EBBD5BC}.Release|Any CPU.Build.0 = Release|Any CPU
		{E5510D7D-C943-4C19-9456-BC3CD858E617}.Debug|Any CPU.ActiveCfg = Debug|Any CPU
		{E5510D7D-C943-4C19-9456-BC3CD858E617}.Debug|Any CPU.Build.0 = Debug|Any CPU
		{E5510D7D-C943-4C19-9456-BC3CD858E617}.Release|Any CPU.ActiveCfg = Release|Any CPU
		{E5510D7D-C943-4C19-9456-BC3CD858E617}.Release|Any CPU.Build.0 = Release|Any CPU
	EndGlobalSection
	GlobalSection(SolutionProperties) = preSolution
		HideSolutionNode = FALSE
	EndGlobalSection
	GlobalSection(ExtensibilityGlobals) = postSolution
		SolutionGuid = {EFE34585-CC8E-4A3C-89F6-D413828BA6EC}
	EndGlobalSection
EndGlobal
